
Microsoft Visual Studio Solution File, Format Version 12.00
# Visual Studio 15
VisualStudioVersion = 15.0.34729.27
MinimumVisualStudioVersion = 10.0.30319.1
Project("{FAE04EC0-301F-11D3-BF4B-00C04F79EFBC}") = "Naticord", "Naticord\Naticord.csproj", "{1383FE7A-AB28-48C3-A477-E35655E31D5F}"
EndProject
Global
	GlobalSection(SolutionConfigurationPlatforms) = preSolution
		Debug|Any CPU = Debug|Any CPU
		Release|Any CPU = Release|Any CPU
	EndGlobalSection
	GlobalSection(ProjectConfigurationPlatforms) = postSolution
		{1383FE7A-AB28-48C3-A477-E35655E31D5F}.Debug|Any CPU.ActiveCfg = Debug|Any CPU
		{1383FE7A-AB28-48C3-A477-E35655E31D5F}.Debug|Any CPU.Build.0 = Debug|Any CPU
		{1383FE7A-AB28-48C3-A477-E35655E31D5F}.Release|Any CPU.ActiveCfg = Release|Any CPU
		{1383FE7A-AB28-48C3-A477-E35655E31D5F}.Release|Any CPU.Build.0 = Release|Any CPU
	EndGlobalSection
	GlobalSection(SolutionProperties) = preSolution
		HideSolutionNode = FALSE
	EndGlobalSection
	GlobalSection(ExtensibilityGlobals) = postSolution
		SolutionGuid = {CE8FF17F-663A-4879-ABE4-846C1DEA6955}
	EndGlobalSection
EndGlobal
