
Microsoft Visual Studio Solution File, Format Version 12.00
# Visual Studio Version 17
VisualStudioVersion = 17.14.37216.2
MinimumVisualStudioVersion = 10.0.40219.1
Project("{FAE04EC0-301F-11D3-BF4B-00C04F79EFBC}") = "Naticord", "Naticord.csproj", "{76EC6933-B196-428C-A12C-15A08BF6ADC5}"
EndProject
Global
	GlobalSection(SolutionConfigurationPlatforms) = preSolution
		Debug|x64 = Debug|x64
		Debug|x86 = Debug|x86
		Release|x64 = Release|x64
		Release|x86 = Release|x86
	EndGlobalSection
	GlobalSection(ProjectConfigurationPlatforms) = postSolution
		{76EC6933-B196-428C-A12C-15A08BF6ADC5}.Debug|x64.ActiveCfg = Debug|x64
		{76EC6933-B196-428C-A12C-15A08BF6ADC5}.Debug|x64.Build.0 = Debug|x64
		{76EC6933-B196-428C-A12C-15A08BF6ADC5}.Debug|x86.ActiveCfg = Debug|x86
		{76EC6933-B196-428C-A12C-15A08BF6ADC5}.Debug|x86.Build.0 = Debug|x86
		{76EC6933-B196-428C-A12C-15A08BF6ADC5}.Release|x64.ActiveCfg = Release|x64
		{76EC6933-B196-428C-A12C-15A08BF6ADC5}.Release|x64.Build.0 = Release|x64
		{76EC6933-B196-428C-A12C-15A08BF6ADC5}.Release|x86.ActiveCfg = Release|x86
		{76EC6933-B196-428C-A12C-15A08BF6ADC5}.Release|x86.Build.0 = Release|x86
	EndGlobalSection
	GlobalSection(SolutionProperties) = preSolution
		HideSolutionNode = FALSE
	EndGlobalSection
	GlobalSection(ExtensibilityGlobals) = postSolution
		SolutionGuid = {DB65385F-0FE8-43C3-B2C3-630554AFFDA1}
	EndGlobalSection
EndGlobal
